
Microsoft Visual Studio Solution File, Format Version 12.00
Project("{FAE04EC0-301F-11D3-BF4B-00C04F79EFBC}") = "UI", "UI\UI.csproj", "{FC9FE1F1-5E75-4802-BB7E-39C6BAC506BE}"
EndProject
Project("{FAE04EC0-301F-11D3-BF4B-00C04F79EFBC}") = "Domain", "Domain\Domain.csproj", "{585667B9-8FB9-4CBF-8873-FE17C7AA5D68}"
EndProject
Global
	GlobalSection(SolutionConfigurationPlatforms) = preSolution
		Debug|Any CPU = Debug|Any CPU
		Release|Any CPU = Release|Any CPU
	EndGlobalSection
	GlobalSection(ProjectConfigurationPlatforms) = postSolution
		{FC9FE1F1-5E75-4802-BB7E-39C6BAC506BE}.Debug|Any CPU.ActiveCfg = Debug|Any CPU
		{FC9FE1F1-5E75-4802-BB7E-39C6BAC506BE}.Debug|Any CPU.Build.0 = Debug|Any CPU
		{FC9FE1F1-5E75-4802-BB7E-39C6BAC506BE}.Release|Any CPU.ActiveCfg = Release|Any CPU
		{FC9FE1F1-5E75-4802-BB7E-39C6BAC506BE}.Release|Any CPU.Build.0 = Release|Any CPU
		{585667B9-8FB9-4CBF-8873-FE17C7AA5D68}.Debug|Any CPU.ActiveCfg = Debug|Any CPU
		{585667B9-8FB9-4CBF-8873-FE17C7AA5D68}.Debug|Any CPU.Build.0 = Debug|Any CPU
		{585667B9-8FB9-4CBF-8873-FE17C7AA5D68}.Release|Any CPU.ActiveCfg = Release|Any CPU
		{585667B9-8FB9-4CBF-8873-FE17C7AA5D68}.Release|Any CPU.Build.0 = Release|Any CPU
	EndGlobalSection
EndGlobal
